
Microsoft Visual Studio Solution File, Format Version 12.00
# Visual Studio Version 16
VisualStudioVersion = 16.0.29926.136
MinimumVisualStudioVersion = 10.0.40219.1
Project("{FAE04EC0-301F-11D3-BF4B-00C04F79EFBC}") = "CA4 10385012", "CA4 10385012.csproj", "{AC6BECB1-3ABB-48BF-9AA0-D31BB27D11F6}"
EndProject
Global
	GlobalSection(SolutionConfigurationPlatforms) = preSolution
		Debug|Any CPU = Debug|Any CPU
		Release|Any CPU = Release|Any CPU
	EndGlobalSection
	GlobalSection(ProjectConfigurationPlatforms) = postSolution
		{AC6BECB1-3ABB-48BF-9AA0-D31BB27D11F6}.Debug|Any CPU.ActiveCfg = Debug|Any CPU
		{AC6BECB1-3ABB-48BF-9AA0-D31BB27D11F6}.Debug|Any CPU.Build.0 = Debug|Any CPU
		{AC6BECB1-3ABB-48BF-9AA0-D31BB27D11F6}.Release|Any CPU.ActiveCfg = Release|Any CPU
		{AC6BECB1-3ABB-48BF-9AA0-D31BB27D11F6}.Release|Any CPU.Build.0 = Release|Any CPU
	EndGlobalSection
	GlobalSection(SolutionProperties) = preSolution
		HideSolutionNode = FALSE
	EndGlobalSection
	GlobalSection(ExtensibilityGlobals) = postSolution
		SolutionGuid = {6D76D400-DAB4-4BE2-8B0C-4AB8FDBF3486}
	EndGlobalSection
EndGlobal
